
Microsoft Visual Studio Solution File, Format Version 12.00
# Visual Studio Version 17
VisualStudioVersion = 17.0.31903.59
MinimumVisualStudioVersion = 10.0.40219.1
Project("{FAE04EC0-301F-11D3-BF4B-00C04F79EFBC}") = "AspRazorPagesSolution", "AspRazorPagesSolution\AspRazorPagesSolution.csproj", "{59C75B65-5464-4112-92A2-AC5D45CACC85}"
EndProject
Project("{FAE04EC0-301F-11D3-BF4B-00C04F79EFBC}") = "RazorPages", "RazorPages\RazorPages.csproj", "{BD55DFEB-35FB-4F20-A238-15D8BF952232}"
EndProject
Global
	GlobalSection(SolutionConfigurationPlatforms) = preSolution
		Debug|Any CPU = Debug|Any CPU
		Release|Any CPU = Release|Any CPU
	EndGlobalSection
	GlobalSection(SolutionProperties) = preSolution
		HideSolutionNode = FALSE
	EndGlobalSection
	GlobalSection(ProjectConfigurationPlatforms) = postSolution
		{59C75B65-5464-4112-92A2-AC5D45CACC85}.Debug|Any CPU.ActiveCfg = Debug|Any CPU
		{59C75B65-5464-4112-92A2-AC5D45CACC85}.Debug|Any CPU.Build.0 = Debug|Any CPU
		{59C75B65-5464-4112-92A2-AC5D45CACC85}.Release|Any CPU.ActiveCfg = Release|Any CPU
		{59C75B65-5464-4112-92A2-AC5D45CACC85}.Release|Any CPU.Build.0 = Release|Any CPU
		{BD55DFEB-35FB-4F20-A238-15D8BF952232}.Debug|Any CPU.ActiveCfg = Debug|Any CPU
		{BD55DFEB-35FB-4F20-A238-15D8BF952232}.Debug|Any CPU.Build.0 = Debug|Any CPU
		{BD55DFEB-35FB-4F20-A238-15D8BF952232}.Release|Any CPU.ActiveCfg = Release|Any CPU
		{BD55DFEB-35FB-4F20-A238-15D8BF952232}.Release|Any CPU.Build.0 = Release|Any CPU
	EndGlobalSection
EndGlobal
